
Microsoft Visual Studio Solution File, Format Version 12.00
# Visual Studio Version 17
VisualStudioVersion = 17.13.35931.197 d17.13
MinimumVisualStudioVersion = 10.0.40219.1
Project("{FAE04EC0-301F-11D3-BF4B-00C04F79EFBC}") = "PlanoContasApi", "PlanoContasApi.csproj", "{888E68F8-2EA6-EF87-DF0E-F6D7BFF14F01}"
EndProject
Global
	GlobalSection(SolutionConfigurationPlatforms) = preSolution
		Debug|Any CPU = Debug|Any CPU
		Release|Any CPU = Release|Any CPU
	EndGlobalSection
	GlobalSection(ProjectConfigurationPlatforms) = postSolution
		{888E68F8-2EA6-EF87-DF0E-F6D7BFF14F01}.Debug|Any CPU.ActiveCfg = Debug|Any CPU
		{888E68F8-2EA6-EF87-DF0E-F6D7BFF14F01}.Debug|Any CPU.Build.0 = Debug|Any CPU
		{888E68F8-2EA6-EF87-DF0E-F6D7BFF14F01}.Release|Any CPU.ActiveCfg = Release|Any CPU
		{888E68F8-2EA6-EF87-DF0E-F6D7BFF14F01}.Release|Any CPU.Build.0 = Release|Any CPU
	EndGlobalSection
	GlobalSection(SolutionProperties) = preSolution
		HideSolutionNode = FALSE
	EndGlobalSection
	GlobalSection(ExtensibilityGlobals) = postSolution
		SolutionGuid = {5AE256FA-8A48-4D13-8A99-6DFC6B28E7F8}
	EndGlobalSection
EndGlobal
